
Microsoft Visual Studio Solution File, Format Version 12.00
# Visual Studio Version 16
VisualStudioVersion = 16.0.30114.105
MinimumVisualStudioVersion = 10.0.40219.1
Project("{FAE04EC0-301F-11D3-BF4B-00C04F79EFBC}") = "WebServiceBlazorCrud", "WebServiceBlazorCrud\WebServiceBlazorCrud.csproj", "{CFE961F2-BA07-49FE-B954-A252EADD2201}"
EndProject
Global
	GlobalSection(SolutionConfigurationPlatforms) = preSolution
		Debug|Any CPU = Debug|Any CPU
		Release|Any CPU = Release|Any CPU
	EndGlobalSection
	GlobalSection(ProjectConfigurationPlatforms) = postSolution
		{CFE961F2-BA07-49FE-B954-A252EADD2201}.Debug|Any CPU.ActiveCfg = Debug|Any CPU
		{CFE961F2-BA07-49FE-B954-A252EADD2201}.Debug|Any CPU.Build.0 = Debug|Any CPU
		{CFE961F2-BA07-49FE-B954-A252EADD2201}.Release|Any CPU.ActiveCfg = Release|Any CPU
		{CFE961F2-BA07-49FE-B954-A252EADD2201}.Release|Any CPU.Build.0 = Release|Any CPU
	EndGlobalSection
	GlobalSection(SolutionProperties) = preSolution
		HideSolutionNode = FALSE
	EndGlobalSection
	GlobalSection(ExtensibilityGlobals) = postSolution
		SolutionGuid = {E5311763-9F76-44D0-A006-9FEB53E6DC75}
	EndGlobalSection
EndGlobal
